
Microsoft Visual Studio Solution File, Format Version 12.00
# Visual Studio Version 17
VisualStudioVersion = 17.12.35728.132
MinimumVisualStudioVersion = 10.0.40219.1
Project("{FAE04EC0-301F-11D3-BF4B-00C04F79EFBC}") = "Liberos", "Liberos\Liberos.csproj", "{477D54B2-0742-4D8B-9A2A-A18D77FFB932}"
EndProject
Project("{FAE04EC0-301F-11D3-BF4B-00C04F79EFBC}") = "LiberosViewer", "LiberosViewer\LiberosViewer.csproj", "{D05C35EA-0CFF-4525-926A-5039C9613FD4}"
EndProject
Global
	GlobalSection(SolutionConfigurationPlatforms) = preSolution
		Debug|Any CPU = Debug|Any CPU
		Release|Any CPU = Release|Any CPU
	EndGlobalSection
	GlobalSection(ProjectConfigurationPlatforms) = postSolution
		{477D54B2-0742-4D8B-9A2A-A18D77FFB932}.Debug|Any CPU.ActiveCfg = Debug|Any CPU
		{477D54B2-0742-4D8B-9A2A-A18D77FFB932}.Debug|Any CPU.Build.0 = Debug|Any CPU
		{477D54B2-0742-4D8B-9A2A-A18D77FFB932}.Release|Any CPU.ActiveCfg = Release|Any CPU
		{477D54B2-0742-4D8B-9A2A-A18D77FFB932}.Release|Any CPU.Build.0 = Release|Any CPU
		{D05C35EA-0CFF-4525-926A-5039C9613FD4}.Debug|Any CPU.ActiveCfg = Debug|Any CPU
		{D05C35EA-0CFF-4525-926A-5039C9613FD4}.Debug|Any CPU.Build.0 = Debug|Any CPU
		{D05C35EA-0CFF-4525-926A-5039C9613FD4}.Release|Any CPU.ActiveCfg = Release|Any CPU
		{D05C35EA-0CFF-4525-926A-5039C9613FD4}.Release|Any CPU.Build.0 = Release|Any CPU
	EndGlobalSection
	GlobalSection(SolutionProperties) = preSolution
		HideSolutionNode = FALSE
	EndGlobalSection
EndGlobal
